{
  "nodes": {
    "ammaster-bridge": {
      "inputs": {
        "nixpkgs": [
          "nixpkgs"
        ]
      },
      "locked": {
        "lastModified": 1777665026,
        "narHash": "sha256-/+I0i6dljG3us18uJB4D1SRNG7I03bKia1szWHiLUZ4=",
        "ref": "refs/heads/main",
        "rev": "1eb8c1b837cbf2e387e71a372dbaa754f2e1d1df",
        "revCount": 5,
        "type": "git",
        "url": "https://gitlab.com/N0m4n904/ammaster-bridge"
      },
      "original": {
        "type": "git",
        "url": "https://gitlab.com/N0m4n904/ammaster-bridge"
      }
    },
    "flake-utils": {
      "inputs": {
        "systems": "systems"
      },
      "locked": {
        "lastModified": 1731533236,
        "narHash": "sha256-l0KFg5HjrsfsO/JpG+r7fRrqm12kzFHyUHqHCVpMMbI=",
        "owner": "numtide",
        "repo": "flake-utils",
        "rev": "11707dc2f618dd54ca8739b309ec4fc024de578b",
        "type": "github"
      },
      "original": {
        "owner": "numtide",
        "repo": "flake-utils",
        "type": "github"
      }
    },
    "foundrix": {
      "inputs": {
        "home-manager": [
          "home-manager"
        ],
        "nixpkgs": [
          "nixpkgs"
        ],
        "nixpkgs-master": "nixpkgs-master",
        "nixpkgs-stable": [
          "nixpkgs"
        ],
        "nixpkgs-unstable": [
          "nixpkgs-unstable"
        ]
      },
      "locked": {
        "lastModified": 1780181185,
        "narHash": "sha256-zX1osfIdalCm+70RoDochNLJPucalCMhfygP89YVjPc=",
        "ref": "refs/heads/main",
        "rev": "dd88419d316c32938e3610ad1c3c622fc80f9d6f",
        "revCount": 335,
        "type": "git",
        "url": "https://codeberg.org/xdevs23/foundrix"
      },
      "original": {
        "type": "git",
        "url": "https://codeberg.org/xdevs23/foundrix"
      }
    },
    "home-manager": {
      "inputs": {
        "nixpkgs": [
          "nixpkgs"
        ]
      },
      "locked": {
        "lastModified": 1779506708,
        "narHash": "sha256-QOD/CNm196nCJRheux/URi4/HE66fthdOMqCJoPP1Y0=",
        "owner": "nix-community",
        "repo": "home-manager",
        "rev": "3ee51fbdac8c8bdfe1e7e1fcaba6520a563f394f",
        "type": "github"
      },
      "original": {
        "owner": "nix-community",
        "ref": "release-25.11",
        "repo": "home-manager",
        "type": "github"
      }
    },
    "joycon-colors": {
      "inputs": {
        "nixpkgs": [
          "nixpkgs"
        ]
      },
      "locked": {
        "lastModified": 1773581797,
        "narHash": "sha256-zslKobzoukWuroGs472NTLPZ/ykxBkeOoRoaJobXu98=",
        "ref": "refs/heads/main",
        "rev": "f41fe9cc96dd534a0bce7fee8e35c0ce962d4496",
        "revCount": 14,
        "type": "git",
        "url": "https://gitlab.com/N0m4n904/joy-con-color-change"
      },
      "original": {
        "type": "git",
        "url": "https://gitlab.com/N0m4n904/joy-con-color-change"
      }
    },
    "led-matrix-monitoring": {
      "inputs": {
        "flake-utils": "flake-utils",
        "nixpkgs": [
          "nixpkgs"
        ]
      },
      "locked": {
        "lastModified": 1778168106,
        "narHash": "sha256-olc2XdwW9UySaAc1RdcK1PhrAnJ6cqD9KH1YEs1LeEg=",
        "owner": "MidnightJava",
        "repo": "led-matrix",
        "rev": "d97dcc657b18ce55b05b1d075af8289796c20905",
        "type": "github"
      },
      "original": {
        "owner": "MidnightJava",
        "repo": "led-matrix",
        "type": "github"
      }
    },
    "nixos-hardware": {
      "inputs": {
        "nixpkgs": [
          "nixpkgs"
        ]
      },
      "locked": {
        "lastModified": 1780065812,
        "narHash": "sha256-SCSLUKBmwlSLGQ8Xbr8PjRFtiHNk0l9ktqkcmqdBkfE=",
        "owner": "NixOS",
        "repo": "nixos-hardware",
        "rev": "b76b5639c0593e0aeb0b5879ad62d4b30596c144",
        "type": "github"
      },
      "original": {
        "owner": "NixOS",
        "ref": "master",
        "repo": "nixos-hardware",
        "type": "github"
      }
    },
    "nixpkgs": {
      "locked": {
        "lastModified": 1779796641,
        "narHash": "sha256-ZsIrKmhp4vbBXoXXmR/tBXA/UCsAQiJL9vsgZEduhVY=",
        "owner": "nixos",
        "repo": "nixpkgs",
        "rev": "25f538306313eae3927264466c70d7001dcea1df",
        "type": "github"
      },
      "original": {
        "owner": "nixos",
        "ref": "nixos-25.11",
        "repo": "nixpkgs",
        "type": "github"
      }
    },
    "nixpkgs-master": {
      "locked": {
        "lastModified": 1780180718,
        "narHash": "sha256-e9LM90EYhZKY0ejOceoUf9PXnUCU2rWUvK0jXLMMO/U=",
        "owner": "NixOS",
        "repo": "nixpkgs",
        "rev": "57434e74ee1268ebbbc0bda29d79dee9a5b481bc",
        "type": "github"
      },
      "original": {
        "owner": "NixOS",
        "ref": "master",
        "repo": "nixpkgs",
        "type": "github"
      }
    },
    "nixpkgs-unstable": {
      "locked": {
        "lastModified": 1779560665,
        "narHash": "sha256-tpyBcxPpcQb8ukyNF7DoCwfSY3VPsxHoYwj00Cayv5o=",
        "owner": "NixOS",
        "repo": "nixpkgs",
        "rev": "64c08a7ca051951c8eae34e3e3cb1e202fe36786",
        "type": "github"
      },
      "original": {
        "owner": "NixOS",
        "ref": "nixos-unstable",
        "repo": "nixpkgs",
        "type": "github"
      }
    },
    "root": {
      "inputs": {
        "ammaster-bridge": "ammaster-bridge",
        "foundrix": "foundrix",
        "home-manager": "home-manager",
        "joycon-colors": "joycon-colors",
        "led-matrix-monitoring": "led-matrix-monitoring",
        "nixos-hardware": "nixos-hardware",
        "nixpkgs": "nixpkgs",
        "nixpkgs-unstable": "nixpkgs-unstable",
        "xos-ci": "xos-ci",
        "zen-browser": "zen-browser"
      }
    },
    "systems": {
      "locked": {
        "lastModified": 1681028828,
        "narHash": "sha256-Vy1rq5AaRuLzOxct8nz4T6wlgyUR7zLU309k9mBC768=",
        "owner": "nix-systems",
        "repo": "default",
        "rev": "da67096a3b9bf56a91d16901293e51ba5b49a27e",
        "type": "github"
      },
      "original": {
        "owner": "nix-systems",
        "repo": "default",
        "type": "github"
      }
    },
    "xos-ci": {
      "inputs": {
        "nixpkgs": [
          "nixpkgs"
        ]
      },
      "locked": {
        "lastModified": 1774554932,
        "narHash": "sha256-HHngBuKLXS2iJkqsHKth8TbN062S9Mp7dYMIWn56nlU=",
        "owner": "halogenOS",
        "repo": "ci",
        "rev": "7b64bc17c555d20783f3a2b14e5339225e16bb15",
        "type": "github"
      },
      "original": {
        "owner": "halogenOS",
        "ref": "romboss",
        "repo": "ci",
        "type": "github"
      }
    },
    "zen-browser": {
      "inputs": {
        "home-manager": [
          "home-manager"
        ],
        "nixpkgs": [
          "nixpkgs"
        ]
      },
      "locked": {
        "lastModified": 1779918916,
        "narHash": "sha256-hBmE9YbItnP1KTZGRkbpogoBWvtiY13uFOYYKdTV3ww=",
        "owner": "0xc000022070",
        "repo": "zen-browser-flake",
        "rev": "11d313b4ae461745f10f1050d296583dd82135c3",
        "type": "github"
      },
      "original": {
        "owner": "0xc000022070",
        "ref": "beta",
        "repo": "zen-browser-flake",
        "type": "github"
      }
    }
  },
  "root": "root",
  "version": 7
}
